
Microsoft Visual Studio Solution File, Format Version 12.00
# Visual Studio Version 17
VisualStudioVersion = 17.7.34018.315
MinimumVisualStudioVersion = 10.0.40219.1
Project("{8BC9CEB8-8B4A-11D0-8D11-00A0C91BC942}") = "FCU", "src\FCU.vcxproj", "{6C327594-F52A-4CBF-BE94-E446B2AF0B63}"
EndProject
Project("{8BC9CEB8-8B4A-11D0-8D11-00A0C91BC942}") = "SmxUserExt", "..\SmxUserExt\SmxUserExt.vcxproj", "{668780FC-E452-4701-961E-4CF90EB3F732}"
EndProject
Project("{8BC9CEB8-8B4A-11D0-8D11-00A0C91BC942}") = "OE103", "..\OE103\OE103.vcxproj", "{07DF436E-AE2F-4A00-947A-239DBC80D0E4}"
EndProject
Global
	GlobalSection(SolutionConfigurationPlatforms) = preSolution
		Debug|x64 = Debug|x64
		Debug|x86 = Debug|x86
		Release MFC Static|x64 = Release MFC Static|x64
		Release MFC Static|x86 = Release MFC Static|x86
		Release|x64 = Release|x64
		Release|x86 = Release|x86
	EndGlobalSection
	GlobalSection(ProjectConfigurationPlatforms) = postSolution
		{6C327594-F52A-4CBF-BE94-E446B2AF0B63}.Debug|x64.ActiveCfg = Debug|x64
		{6C327594-F52A-4CBF-BE94-E446B2AF0B63}.Debug|x64.Build.0 = Debug|x64
		{6C327594-F52A-4CBF-BE94-E446B2AF0B63}.Debug|x86.ActiveCfg = Debug|Win32
		{6C327594-F52A-4CBF-BE94-E446B2AF0B63}.Debug|x86.Build.0 = Debug|Win32
		{6C327594-F52A-4CBF-BE94-E446B2AF0B63}.Release MFC Static|x64.ActiveCfg = Release|x64
		{6C327594-F52A-4CBF-BE94-E446B2AF0B63}.Release MFC Static|x64.Build.0 = Release|x64
		{6C327594-F52A-4CBF-BE94-E446B2AF0B63}.Release MFC Static|x86.ActiveCfg = Release|Win32
		{6C327594-F52A-4CBF-BE94-E446B2AF0B63}.Release MFC Static|x86.Build.0 = Release|Win32
		{6C327594-F52A-4CBF-BE94-E446B2AF0B63}.Release|x64.ActiveCfg = Release|x64
		{6C327594-F52A-4CBF-BE94-E446B2AF0B63}.Release|x64.Build.0 = Release|x64
		{6C327594-F52A-4CBF-BE94-E446B2AF0B63}.Release|x86.ActiveCfg = Release|Win32
		{6C327594-F52A-4CBF-BE94-E446B2AF0B63}.Release|x86.Build.0 = Release|Win32
		{668780FC-E452-4701-961E-4CF90EB3F732}.Debug|x64.ActiveCfg = Debug|Win32
		{668780FC-E452-4701-961E-4CF90EB3F732}.Debug|x64.Build.0 = Debug|Win32
		{668780FC-E452-4701-961E-4CF90EB3F732}.Debug|x86.ActiveCfg = Debug|Win32
		{668780FC-E452-4701-961E-4CF90EB3F732}.Debug|x86.Build.0 = Debug|Win32
		{668780FC-E452-4701-961E-4CF90EB3F732}.Release MFC Static|x64.ActiveCfg = Release|Win32
		{668780FC-E452-4701-961E-4CF90EB3F732}.Release MFC Static|x64.Build.0 = Release|Win32
		{668780FC-E452-4701-961E-4CF90EB3F732}.Release MFC Static|x86.ActiveCfg = Release|Win32
		{668780FC-E452-4701-961E-4CF90EB3F732}.Release MFC Static|x86.Build.0 = Release|Win32
		{668780FC-E452-4701-961E-4CF90EB3F732}.Release|x64.ActiveCfg = Release|Win32
		{668780FC-E452-4701-961E-4CF90EB3F732}.Release|x64.Build.0 = Release|Win32
		{668780FC-E452-4701-961E-4CF90EB3F732}.Release|x86.ActiveCfg = Release|Win32
		{668780FC-E452-4701-961E-4CF90EB3F732}.Release|x86.Build.0 = Release|Win32
		{07DF436E-AE2F-4A00-947A-239DBC80D0E4}.Debug|x64.ActiveCfg = Debug|Win32
		{07DF436E-AE2F-4A00-947A-239DBC80D0E4}.Debug|x64.Build.0 = Debug|Win32
		{07DF436E-AE2F-4A00-947A-239DBC80D0E4}.Debug|x86.ActiveCfg = Debug|Win32
		{07DF436E-AE2F-4A00-947A-239DBC80D0E4}.Debug|x86.Build.0 = Debug|Win32
		{07DF436E-AE2F-4A00-947A-239DBC80D0E4}.Release MFC Static|x64.ActiveCfg = Release MFC Static|Win32
		{07DF436E-AE2F-4A00-947A-239DBC80D0E4}.Release MFC Static|x64.Build.0 = Release MFC Static|Win32
		{07DF436E-AE2F-4A00-947A-239DBC80D0E4}.Release MFC Static|x86.ActiveCfg = Release MFC Static|Win32
		{07DF436E-AE2F-4A00-947A-239DBC80D0E4}.Release MFC Static|x86.Build.0 = Release MFC Static|Win32
		{07DF436E-AE2F-4A00-947A-239DBC80D0E4}.Release|x64.ActiveCfg = Release|Win32
		{07DF436E-AE2F-4A00-947A-239DBC80D0E4}.Release|x64.Build.0 = Release|Win32
		{07DF436E-AE2F-4A00-947A-239DBC80D0E4}.Release|x86.ActiveCfg = Release|Win32
		{07DF436E-AE2F-4A00-947A-239DBC80D0E4}.Release|x86.Build.0 = Release|Win32
	EndGlobalSection
	GlobalSection(SolutionProperties) = preSolution
		HideSolutionNode = FALSE
	EndGlobalSection
	GlobalSection(ExtensibilityGlobals) = postSolution
		SolutionGuid = {85C87758-30C7-457F-A533-E63A40C56C1F}
	EndGlobalSection
EndGlobal
