<?xml version="1.0" encoding="utf-8"?>
<Project ToolsVersion="4.0" xmlns="http://schemas.microsoft.com/developer/msbuild/2003">
  <ItemGroup>
    <Filter Include="Source Files">
      <UniqueIdentifier>{1e84f92d-722e-449d-aba3-b1b4e03ed72f}</UniqueIdentifier>
      <Extensions>cpp;c;cxx;rc;def;r;odl;idl;hpj;bat</Extensions>
    </Filter>
    <Filter Include="Header Files">
      <UniqueIdentifier>{bc9df8b1-e519-4bac-b808-b4eca43a51a8}</UniqueIdentifier>
      <Extensions>h;hpp;hxx;hm;inl</Extensions>
    </Filter>
  </ItemGroup>
  <ItemGroup>
    <ClCompile Include="src\EditChroma.cpp">
      <Filter>Source Files</Filter>
    </ClCompile>
    <ClCompile Include="src\EditCopy.cpp">
      <Filter>Source Files</Filter>
    </ClCompile>
    <ClCompile Include="src\EditCore.cpp">
      <Filter>Source Files</Filter>
    </ClCompile>
    <ClCompile Include="src\EditCut.cpp">
      <Filter>Source Files</Filter>
    </ClCompile>
    <ClCompile Include="src\EditDelete.cpp">
      <Filter>Source Files</Filter>
    </ClCompile>
    <ClCompile Include="src\EditFile.cpp">
      <Filter>Source Files</Filter>
    </ClCompile>
    <ClCompile Include="src\EditFind.cpp">
      <Filter>Source Files</Filter>
    </ClCompile>
    <ClCompile Include="src\EditInsert.cpp">
      <Filter>Source Files</Filter>
    </ClCompile>
    <ClCompile Include="src\EditJoinLines.cpp">
      <Filter>Source Files</Filter>
    </ClCompile>
    <ClCompile Include="src\EditLine.cpp">
      <Filter>Source Files</Filter>
    </ClCompile>
    <ClCompile Include="src\EditPaste.cpp">
      <Filter>Source Files</Filter>
    </ClCompile>
    <ClCompile Include="src\EditSplitLine.cpp">
      <Filter>Source Files</Filter>
    </ClCompile>
    <ClCompile Include="src\EditUndo.cpp">
      <Filter>Source Files</Filter>
    </ClCompile>
    <ClCompile Include="src\OEDll.cpp">
      <Filter>Source Files</Filter>
    </ClCompile>
    <ClCompile Include="src\OEFindDlg.cpp">
      <Filter>Source Files</Filter>
    </ClCompile>
    <ClCompile Include="src\OEPageset.cpp">
      <Filter>Source Files</Filter>
    </ClCompile>
    <ClCompile Include="src\SECEditCore.cpp">
      <Filter>Source Files</Filter>
    </ClCompile>
    <ClCompile Include="src\SECEditCtrl.cpp">
      <Filter>Source Files</Filter>
    </ClCompile>
    <ClCompile Include="src\SECEditCtrlOleDropTarget.cpp">
      <Filter>Source Files</Filter>
    </ClCompile>
    <ClCompile Include="src\SECEditHint.cpp">
      <Filter>Source Files</Filter>
    </ClCompile>
    <ClCompile Include="src\SECEditView.cpp">
      <Filter>Source Files</Filter>
    </ClCompile>
    <ClCompile Include="src\StdAfx.cpp">
      <Filter>Source Files</Filter>
    </ClCompile>
  </ItemGroup>
  <ItemGroup>
    <ResourceCompile Include="src\SecEdit.rc">
      <Filter>Source Files</Filter>
    </ResourceCompile>
  </ItemGroup>
  <ItemGroup>
    <ClInclude Include="src\editres.h">
      <Filter>Header Files</Filter>
    </ClInclude>
    <ClInclude Include="src\OEdit.h">
      <Filter>Header Files</Filter>
    </ClInclude>
    <ClInclude Include="src\OEDll.h">
      <Filter>Header Files</Filter>
    </ClInclude>
    <ClInclude Include="src\OEFindDlg.h">
      <Filter>Header Files</Filter>
    </ClInclude>
    <ClInclude Include="src\OEPageset.h">
      <Filter>Header Files</Filter>
    </ClInclude>
    <ClInclude Include="src\OETempl.h">
      <Filter>Header Files</Filter>
    </ClInclude>
    <ClInclude Include="src\SECEdit.h">
      <Filter>Header Files</Filter>
    </ClInclude>
    <ClInclude Include="src\SECEditCtrl.h">
      <Filter>Header Files</Filter>
    </ClInclude>
    <ClInclude Include="src\SECEditCtrlOleDropTarget.h">
      <Filter>Header Files</Filter>
    </ClInclude>
    <ClInclude Include="src\SECEditHint.h">
      <Filter>Header Files</Filter>
    </ClInclude>
    <ClInclude Include="src\SECEditView.h">
      <Filter>Header Files</Filter>
    </ClInclude>
    <ClInclude Include="src\StdAfx.h">
      <Filter>Header Files</Filter>
    </ClInclude>
    <ClInclude Include="src\Struct.h">
      <Filter>Header Files</Filter>
    </ClInclude>
  </ItemGroup>
  <ItemGroup>
    <None Include="src\SECEditCore.inl">
      <Filter>Header Files</Filter>
    </None>
    <None Include="src\View_Core.inl">
      <Filter>Header Files</Filter>
    </None>
    <None Include="src\ViewBackspace.inl">
      <Filter>Header Files</Filter>
    </None>
    <None Include="src\ViewCopy.inl">
      <Filter>Header Files</Filter>
    </None>
    <None Include="src\ViewCursor.inl">
      <Filter>Header Files</Filter>
    </None>
    <None Include="src\ViewCut.inl">
      <Filter>Header Files</Filter>
    </None>
    <None Include="src\ViewDelete.inl">
      <Filter>Header Files</Filter>
    </None>
    <None Include="src\ViewInsert.inl">
      <Filter>Header Files</Filter>
    </None>
    <None Include="src\ViewJoinLines.inl">
      <Filter>Header Files</Filter>
    </None>
    <None Include="src\ViewPaint.inl">
      <Filter>Header Files</Filter>
    </None>
    <None Include="src\ViewPaste.inl">
      <Filter>Header Files</Filter>
    </None>
    <None Include="src\ViewSelect.inl">
      <Filter>Header Files</Filter>
    </None>
    <None Include="src\ViewSplitLine.inl">
      <Filter>Header Files</Filter>
    </None>
    <None Include="src\ViewTab.inl">
      <Filter>Header Files</Filter>
    </None>
    <None Include="src\res\idccurso.cur" />
  </ItemGroup>
</Project>